// !$*UTF8*$!
{
	archiveVersion = 1;
	classes = {
	};
	objectVersion = 46;
	objects = {

/* Begin PBXBuildFile section */
		3400E8F5177DAD4C00523BB0 /* maru.png in Resources */ = {isa = PBXBuildFile; fileRef = 3400E8F4177DAD4C00523BB0 /* maru.png */; };
		3400E8F9177DB67C00523BB0 /* batu.png in Resources */ = {isa = PBXBuildFile; fileRef = 3400E8F8177DB67C00523BB0 /* batu.png */; };
		3415CE52177AAB4B007D9BEB /* ExplainViewController.m in Sources */ = {isa = PBXBuildFile; fileRef = 3415CE51177AAB4B007D9BEB /* ExplainViewController.m */; };
		341D91D61792936600023EBD /* DataStore.m in Sources */ = {isa = PBXBuildFile; fileRef = 341D91D51792936600023EBD /* DataStore.m */; };
		341D91D91792AAF300023EBD /* TimeSeriesViewController.m in Sources */ = {isa = PBXBuildFile; fileRef = 341D91D81792AAF300023EBD /* TimeSeriesViewController.m */; };
		3424BA9A178C4043001A8F2C /* libCorePlot-CocoaTouch.a in Frameworks */ = {isa = PBXBuildFile; fileRef = 3424BA99178C4043001A8F2C /* libCorePlot-CocoaTouch.a */; };
		3424BA9C178C40A6001A8F2C /* QuartzCore.framework in Frameworks */ = {isa = PBXBuildFile; fileRef = 3424BA9B178C40A6001A8F2C /* QuartzCore.framework */; };
		3431C82E177995B200FE8551 /* ios_test.csv in Resources */ = {isa = PBXBuildFile; fileRef = 3431C82D177995B200FE8551 /* ios_test.csv */; };
		3431C8301779A3F500FE8551 /* ios_test1.csv in Resources */ = {isa = PBXBuildFile; fileRef = 3431C82F1779A3F500FE8551 /* ios_test1.csv */; };
		3442745A177BDBA1002CF50A /* thumb_57.png in Resources */ = {isa = PBXBuildFile; fileRef = 34427459177BDBA1002CF50A /* thumb_57.png */; };
		3442745C177BDBBC002CF50A /* thumb_114.png in Resources */ = {isa = PBXBuildFile; fileRef = 3442745B177BDBBC002CF50A /* thumb_114.png */; };
		3442745E177BF434002CF50A /* brown_light.jpg in Resources */ = {isa = PBXBuildFile; fileRef = 3442745D177BF434002CF50A /* brown_light.jpg */; };
		34522F3A17A0D70700091578 /* ConfigViewController.m in Sources */ = {isa = PBXBuildFile; fileRef = 34522F3917A0D70700091578 /* ConfigViewController.m */; };
		345C3C3617E5B7DC00344173 /* zeimu6.csv in Resources */ = {isa = PBXBuildFile; fileRef = 345C3C3017E5B7DC00344173 /* zeimu6.csv */; };
		345C3C3717E5B7DC00344173 /* zeimu5.csv in Resources */ = {isa = PBXBuildFile; fileRef = 345C3C3117E5B7DC00344173 /* zeimu5.csv */; };
		345C3C3817E5B7DC00344173 /* zeimu4.csv in Resources */ = {isa = PBXBuildFile; fileRef = 345C3C3217E5B7DC00344173 /* zeimu4.csv */; };
		345C3C3917E5B7DC00344173 /* zeimu3.csv in Resources */ = {isa = PBXBuildFile; fileRef = 345C3C3317E5B7DC00344173 /* zeimu3.csv */; };
		345C3C3A17E5B7DC00344173 /* zeimu2.csv in Resources */ = {isa = PBXBuildFile; fileRef = 345C3C3417E5B7DC00344173 /* zeimu2.csv */; };
		345C3C3B17E5B7DC00344173 /* zeimu1.csv in Resources */ = {isa = PBXBuildFile; fileRef = 345C3C3517E5B7DC00344173 /* zeimu1.csv */; };
		347A8BCC17A2951300588126 /* light.png in Resources */ = {isa = PBXBuildFile; fileRef = 347A8BC517A2951300588126 /* light.png */; };
		347A8BCD17A2951300588126 /* desk.png in Resources */ = {isa = PBXBuildFile; fileRef = 347A8BC617A2951300588126 /* desk.png */; };
		347A8BCE17A2951300588126 /* sunset.png in Resources */ = {isa = PBXBuildFile; fileRef = 347A8BC717A2951300588126 /* sunset.png */; };
		347A8BCF17A2951300588126 /* building.png in Resources */ = {isa = PBXBuildFile; fileRef = 347A8BC817A2951300588126 /* building.png */; };
		347A8BD017A2951300588126 /* building2.png in Resources */ = {isa = PBXBuildFile; fileRef = 347A8BC917A2951300588126 /* building2.png */; };
		347A8BD117A2951300588126 /* street.png in Resources */ = {isa = PBXBuildFile; fileRef = 347A8BCA17A2951300588126 /* street.png */; };
		347A8BD217A2951300588126 /* aman.png in Resources */ = {isa = PBXBuildFile; fileRef = 347A8BCB17A2951300588126 /* aman.png */; };
		347A8BD617A2AF6B00588126 /* bird.png in Resources */ = {isa = PBXBuildFile; fileRef = 347A8BD517A2AF6B00588126 /* bird.png */; };
		347A8BD817A2AF7200588126 /* wood.png in Resources */ = {isa = PBXBuildFile; fileRef = 347A8BD717A2AF7100588126 /* wood.png */; };
		347A8BDB17A68BBE00588126 /* MenuViewController.m in Sources */ = {isa = PBXBuildFile; fileRef = 347A8BDA17A68BBE00588126 /* MenuViewController.m */; };
		347A8BE117A7B93B00588126 /* WrongQuestion.m in Sources */ = {isa = PBXBuildFile; fileRef = 347A8BE017A7B93B00588126 /* WrongQuestion.m */; };
		347C7031178C4367004DCDE6 /* ResultViewController.m in Sources */ = {isa = PBXBuildFile; fileRef = 347C7030178C4367004DCDE6 /* ResultViewController.m */; };
		348B1CA417954F00003C361E /* ArrayStore.m in Sources */ = {isa = PBXBuildFile; fileRef = 348B1CA317954F00003C361E /* ArrayStore.m */; };
		349B1935177B4BCD0099DB56 /* InitViewController.m in Sources */ = {isa = PBXBuildFile; fileRef = 349B1934177B4BCD0099DB56 /* InitViewController.m */; };
		349B1938177B5A8B0099DB56 /* TransViewController.m in Sources */ = {isa = PBXBuildFile; fileRef = 349B1937177B5A8B0099DB56 /* TransViewController.m */; };
		349B193F177B60F00099DB56 /* _homu6.csv in Resources */ = {isa = PBXBuildFile; fileRef = 349B1939177B60F00099DB56 /* _homu6.csv */; };
		349B1940177B60F00099DB56 /* _homu5.csv in Resources */ = {isa = PBXBuildFile; fileRef = 349B193A177B60F00099DB56 /* _homu5.csv */; };
		349B1941177B60F00099DB56 /* _homu4.csv in Resources */ = {isa = PBXBuildFile; fileRef = 349B193B177B60F00099DB56 /* _homu4.csv */; };
		349B1942177B60F00099DB56 /* _homu3.csv in Resources */ = {isa = PBXBuildFile; fileRef = 349B193C177B60F00099DB56 /* _homu3.csv */; };
		349B1943177B60F00099DB56 /* _homu2.csv in Resources */ = {isa = PBXBuildFile; fileRef = 349B193D177B60F00099DB56 /* _homu2.csv */; };
		349B1944177B60F00099DB56 /* _homu1.csv in Resources */ = {isa = PBXBuildFile; fileRef = 349B193E177B60F00099DB56 /* _homu1.csv */; };
		34B08B8E17A8FFB0002132CC /* button_解答履歴を消去.png in Resources */ = {isa = PBXBuildFile; fileRef = 34B08B7E17A8FFB0002132CC /* button_解答履歴を消去.png */; };
		34B08B8F17A8FFB0002132CC /* button_解説.png in Resources */ = {isa = PBXBuildFile; fileRef = 34B08B7F17A8FFB0002132CC /* button_解説.png */; };
		34B08B9017A8FFB0002132CC /* button_回答終了.png in Resources */ = {isa = PBXBuildFile; fileRef = 34B08B8017A8FFB0002132CC /* button_回答終了.png */; };
		34B08B9117A8FFB0002132CC /* button_第八章.png in Resources */ = {isa = PBXBuildFile; fileRef = 34B08B8117A8FFB0002132CC /* button_第八章.png */; };
		34B08B9217A8FFB0002132CC /* button_第七章.png in Resources */ = {isa = PBXBuildFile; fileRef = 34B08B8217A8FFB0002132CC /* button_第七章.png */; };
		34B08B9317A8FFB0002132CC /* button_第六章.png in Resources */ = {isa = PBXBuildFile; fileRef = 34B08B8317A8FFB0002132CC /* button_第六章.png */; };
		34B08B9417A8FFB0002132CC /* button_第五章.png in Resources */ = {isa = PBXBuildFile; fileRef = 34B08B8417A8FFB0002132CC /* button_第五章.png */; };
		34B08B9517A8FFB0002132CC /* button_第四章.png in Resources */ = {isa = PBXBuildFile; fileRef = 34B08B8517A8FFB0002132CC /* button_第四章.png */; };
		34B08B9617A8FFB0002132CC /* button_第三章.png in Resources */ = {isa = PBXBuildFile; fileRef = 34B08B8617A8FFB0002132CC /* button_第三章.png */; };
		34B08B9717A8FFB0002132CC /* button_第二証.png in Resources */ = {isa = PBXBuildFile; fileRef = 34B08B8717A8FFB0002132CC /* button_第二証.png */; };
		34B08B9817A8FFB0002132CC /* button_第一章.png in Resources */ = {isa = PBXBuildFile; fileRef = 34B08B8817A8FFB0002132CC /* button_第一章.png */; };
		34B08B9917A8FFB0002132CC /* button_戻る.png in Resources */ = {isa = PBXBuildFile; fileRef = 34B08B8917A8FFB0002132CC /* button_戻る.png */; };
		34B08B9A17A8FFB0002132CC /* button_設定.png in Resources */ = {isa = PBXBuildFile; fileRef = 34B08B8A17A8FFB0002132CC /* button_設定.png */; };
		34B08B9B17A8FFB0002132CC /* button_成績表.png in Resources */ = {isa = PBXBuildFile; fileRef = 34B08B8B17A8FFB0002132CC /* button_成績表.png */; };
		34B08B9C17A8FFB0002132CC /* button_弱点克服.png in Resources */ = {isa = PBXBuildFile; fileRef = 34B08B8C17A8FFB0002132CC /* button_弱点克服.png */; };
		34B08B9D17A8FFB0002132CC /* button_問題選択.png in Resources */ = {isa = PBXBuildFile; fileRef = 34B08B8D17A8FFB0002132CC /* button_問題選択.png */; };
		34B08BA417A903B7002132CC /* button_第六章_pink.png in Resources */ = {isa = PBXBuildFile; fileRef = 34B08B9E17A903B7002132CC /* button_第六章_pink.png */; };
		34B08BA517A903B7002132CC /* button_第五章_dpBlue.png in Resources */ = {isa = PBXBuildFile; fileRef = 34B08B9F17A903B7002132CC /* button_第五章_dpBlue.png */; };
		34B08BA617A903B7002132CC /* button_第四章_yellow.png in Resources */ = {isa = PBXBuildFile; fileRef = 34B08BA017A903B7002132CC /* button_第四章_yellow.png */; };
		34B08BA717A903B7002132CC /* button_第三章_blue.png in Resources */ = {isa = PBXBuildFile; fileRef = 34B08BA117A903B7002132CC /* button_第三章_blue.png */; };
		34B08BA817A903B7002132CC /* button_第二章_green.png in Resources */ = {isa = PBXBuildFile; fileRef = 34B08BA217A903B7002132CC /* button_第二章_green.png */; };
		34B08BA917A903B7002132CC /* button_第一章_red.png in Resources */ = {isa = PBXBuildFile; fileRef = 34B08BA317A903B7002132CC /* button_第一章_red.png */; };
		34B08BAB17A907BC002132CC /* button-回答終了_mini.png in Resources */ = {isa = PBXBuildFile; fileRef = 34B08BAA17A907BC002132CC /* button-回答終了_mini.png */; };
		34B08BAD17A907D7002132CC /* button-解説_mini.png in Resources */ = {isa = PBXBuildFile; fileRef = 34B08BAC17A907D7002132CC /* button-解説_mini.png */; };
		34CD303817A9203C0091ADEC /* button-スタート.png in Resources */ = {isa = PBXBuildFile; fileRef = 34CD303717A9203C0091ADEC /* button-スタート.png */; };
		E95B49B91685D377005ECF09 /* UIKit.framework in Frameworks */ = {isa = PBXBuildFile; fileRef = E95B49B81685D377005ECF09 /* UIKit.framework */; };
		E95B49BB1685D377005ECF09 /* Foundation.framework in Frameworks */ = {isa = PBXBuildFile; fileRef = E95B49BA1685D377005ECF09 /* Foundation.framework */; };
		E95B49BD1685D377005ECF09 /* CoreGraphics.framework in Frameworks */ = {isa = PBXBuildFile; fileRef = E95B49BC1685D377005ECF09 /* CoreGraphics.framework */; };
		E95B49C31685D377005ECF09 /* InfoPlist.strings in Resources */ = {isa = PBXBuildFile; fileRef = E95B49C11685D377005ECF09 /* InfoPlist.strings */; };
		E95B49C51685D377005ECF09 /* main.m in Sources */ = {isa = PBXBuildFile; fileRef = E95B49C41685D377005ECF09 /* main.m */; };
		E95B49C91685D377005ECF09 /* AppDelegate.m in Sources */ = {isa = PBXBuildFile; fileRef = E95B49C81685D377005ECF09 /* AppDelegate.m */; };
		E95B49CB1685D377005ECF09 /* Default.png in Resources */ = {isa = PBXBuildFile; fileRef = E95B49CA1685D377005ECF09 /* Default.png */; };
		E95B49CD1685D377005ECF09 /* Default@2x.png in Resources */ = {isa = PBXBuildFile; fileRef = E95B49CC1685D377005ECF09 /* Default@2x.png */; };
		E95B49CF1685D377005ECF09 /* Default-568h@2x.png in Resources */ = {isa = PBXBuildFile; fileRef = E95B49CE1685D377005ECF09 /* Default-568h@2x.png */; };
		E95B49D21685D377005ECF09 /* MainStoryboard.storyboard in Resources */ = {isa = PBXBuildFile; fileRef = E95B49D01685D377005ECF09 /* MainStoryboard.storyboard */; };
		E95B49D51685D377005ECF09 /* ViewController.m in Sources */ = {isa = PBXBuildFile; fileRef = E95B49D41685D377005ECF09 /* ViewController.m */; };
		E95B49DC1685D3E9005ECF09 /* quiz.txt in Resources */ = {isa = PBXBuildFile; fileRef = E95B49DB1685D3E9005ECF09 /* quiz.txt */; };
		E95B49DF1685D465005ECF09 /* Quiz.m in Sources */ = {isa = PBXBuildFile; fileRef = E95B49DE1685D465005ECF09 /* Quiz.m */; };
		E95B49E21685D4A0005ECF09 /* QuizItem.m in Sources */ = {isa = PBXBuildFile; fileRef = E95B49E11685D4A0005ECF09 /* QuizItem.m */; };
		E98B85D41685DF9D00728BD0 /* QuizRunningViewController.m in Sources */ = {isa = PBXBuildFile; fileRef = E98B85D31685DF9D00728BD0 /* QuizRunningViewController.m */; };
		E992A1E71688A05500E5A17D /* NotRight.aiff in Resources */ = {isa = PBXBuildFile; fileRef = E992A1E51688A05500E5A17D /* NotRight.aiff */; };
		E992A1E81688A05500E5A17D /* Right.aiff in Resources */ = {isa = PBXBuildFile; fileRef = E992A1E61688A05500E5A17D /* Right.aiff */; };
		E992A1EB1688A0A400E5A17D /* AudioToolbox.framework in Frameworks */ = {isa = PBXBuildFile; fileRef = E992A1EA1688A0A400E5A17D /* AudioToolbox.framework */; };
/* End PBXBuildFile section */

/* Begin PBXFileReference section */
		3400E8F4177DAD4C00523BB0 /* maru.png */ = {isa = PBXFileReference; lastKnownFileType = image.png; name = maru.png; path = ../../../../../../Desktop/maru.png; sourceTree = "<group>"; };
		3400E8F8177DB67C00523BB0 /* batu.png */ = {isa = PBXFileReference; lastKnownFileType = image.png; name = batu.png; path = ../../../../../../Desktop/batu.png; sourceTree = "<group>"; };
		3415CE50177AAB4B007D9BEB /* ExplainViewController.h */ = {isa = PBXFileReference; fileEncoding = 4; lastKnownFileType = sourcecode.c.h; path = ExplainViewController.h; sourceTree = "<group>"; };
		3415CE51177AAB4B007D9BEB /* ExplainViewController.m */ = {isa = PBXFileReference; fileEncoding = 4; lastKnownFileType = sourcecode.c.objc; path = ExplainViewController.m; sourceTree = "<group>"; };
		341D91D41792936600023EBD /* DataStore.h */ = {isa = PBXFileReference; fileEncoding = 4; lastKnownFileType = sourcecode.c.h; path = DataStore.h; sourceTree = "<group>"; };
		341D91D51792936600023EBD /* DataStore.m */ = {isa = PBXFileReference; fileEncoding = 4; lastKnownFileType = sourcecode.c.objc; path = DataStore.m; sourceTree = "<group>"; };
		341D91D71792AAF300023EBD /* TimeSeriesViewController.h */ = {isa = PBXFileReference; fileEncoding = 4; lastKnownFileType = sourcecode.c.h; path = TimeSeriesViewController.h; sourceTree = "<group>"; };
		341D91D81792AAF300023EBD /* TimeSeriesViewController.m */ = {isa = PBXFileReference; fileEncoding = 4; lastKnownFileType = sourcecode.c.objc; path = TimeSeriesViewController.m; sourceTree = "<group>"; };
		3424BA4C178C4043001A8F2C /* CorePlot-CocoaTouch.h */ = {isa = PBXFileReference; fileEncoding = 4; lastKnownFileType = sourcecode.c.h; path = "CorePlot-CocoaTouch.h"; sourceTree = "<group>"; };
		3424BA4D178C4043001A8F2C /* CPTAnimation.h */ = {isa = PBXFileReference; fileEncoding = 4; lastKnownFileType = sourcecode.c.h; path = CPTAnimation.h; sourceTree = "<group>"; };
		3424BA4E178C4043001A8F2C /* CPTAnimationOperation.h */ = {isa = PBXFileReference; fileEncoding = 4; lastKnownFileType = sourcecode.c.h; path = CPTAnimationOperation.h; sourceTree = "<group>"; };
		3424BA4F178C4043001A8F2C /* CPTAnimationPeriod.h */ = {isa = PBXFileReference; fileEncoding = 4; lastKnownFileType = sourcecode.c.h; path = CPTAnimationPeriod.h; sourceTree = "<group>"; };
		3424BA50178C4043001A8F2C /* CPTAnnotation.h */ = {isa = PBXFileReference; fileEncoding = 4; lastKnownFileType = sourcecode.c.h; path = CPTAnnotation.h; sourceTree = "<group>"; };
		3424BA51178C4043001A8F2C /* CPTAnnotationHostLayer.h */ = {isa = PBXFileReference; fileEncoding = 4; lastKnownFileType = sourcecode.c.h; path = CPTAnnotationHostLayer.h; sourceTree = "<group>"; };
		3424BA52178C4043001A8F2C /* CPTAxis.h */ = {isa = PBXFileReference; fileEncoding = 4; lastKnownFileType = sourcecode.c.h; path = CPTAxis.h; sourceTree = "<group>"; };
		3424BA53178C4043001A8F2C /* CPTAxisLabel.h */ = {isa = PBXFileReference; fileEncoding = 4; lastKnownFileType = sourcecode.c.h; path = CPTAxisLabel.h; sourceTree = "<group>"; };
		3424BA54178C4043001A8F2C /* CPTAxisLabelGroup.h */ = {isa = PBXFileReference; fileEncoding = 4; lastKnownFileType = sourcecode.c.h; path = CPTAxisLabelGroup.h; sourceTree = "<group>"; };
		3424BA55178C4043001A8F2C /* CPTAxisSet.h */ = {isa = PBXFileReference; fileEncoding = 4; lastKnownFileType = sourcecode.c.h; path = CPTAxisSet.h; sourceTree = "<group>"; };
		3424BA56178C4043001A8F2C /* CPTAxisTitle.h */ = {isa = PBXFileReference; fileEncoding = 4; lastKnownFileType = sourcecode.c.h; path = CPTAxisTitle.h; sourceTree = "<group>"; };
		3424BA57178C4043001A8F2C /* CPTBarPlot.h */ = {isa = PBXFileReference; fileEncoding = 4; lastKnownFileType = sourcecode.c.h; path = CPTBarPlot.h; sourceTree = "<group>"; };
		3424BA58178C4043001A8F2C /* CPTBorderedLayer.h */ = {isa = PBXFileReference; fileEncoding = 4; lastKnownFileType = sourcecode.c.h; path = CPTBorderedLayer.h; sourceTree = "<group>"; };
		3424BA59178C4043001A8F2C /* CPTCalendarFormatter.h */ = {isa = PBXFileReference; fileEncoding = 4; lastKnownFileType = sourcecode.c.h; path = CPTCalendarFormatter.h; sourceTree = "<group>"; };
		3424BA5A178C4043001A8F2C /* CPTColor.h */ = {isa = PBXFileReference; fileEncoding = 4; lastKnownFileType = sourcecode.c.h; path = CPTColor.h; sourceTree = "<group>"; };
		3424BA5B178C4043001A8F2C /* CPTColorSpace.h */ = {isa = PBXFileReference; fileEncoding = 4; lastKnownFileType = sourcecode.c.h; path = CPTColorSpace.h; sourceTree = "<group>"; };
		3424BA5C178C4043001A8F2C /* CPTConstraints.h */ = {isa = PBXFileReference; fileEncoding = 4; lastKnownFileType = sourcecode.c.h; path = CPTConstraints.h; sourceTree = "<group>"; };
		3424BA5D178C4043001A8F2C /* CPTDataSourceTestCase.h */ = {isa = PBXFileReference; fileEncoding = 4; lastKnownFileType = sourcecode.c.h; path = CPTDataSourceTestCase.h; sourceTree = "<group>"; };
		3424BA5E178C4043001A8F2C /* CPTDefinitions.h */ = {isa = PBXFileReference; fileEncoding = 4; lastKnownFileType = sourcecode.c.h; path = CPTDefinitions.h; sourceTree = "<group>"; };
		3424BA5F178C4043001A8F2C /* CPTDerivedXYGraph.h */ = {isa = PBXFileReference; fileEncoding = 4; lastKnownFileType = sourcecode.c.h; path = CPTDerivedXYGraph.h; sourceTree = "<group>"; };
		3424BA60178C4043001A8F2C /* CPTExceptions.h */ = {isa = PBXFileReference; fileEncoding = 4; lastKnownFileType = sourcecode.c.h; path = CPTExceptions.h; sourceTree = "<group>"; };
		3424BA61178C4043001A8F2C /* CPTFill.h */ = {isa = PBXFileReference; fileEncoding = 4; lastKnownFileType = sourcecode.c.h; path = CPTFill.h; sourceTree = "<group>"; };
		3424BA62178C4043001A8F2C /* CPTGradient.h */ = {isa = PBXFileReference; fileEncoding = 4; lastKnownFileType = sourcecode.c.h; path = CPTGradient.h; sourceTree = "<group>"; };
		3424BA63178C4043001A8F2C /* CPTGraph.h */ = {isa = PBXFileReference; fileEncoding = 4; lastKnownFileType = sourcecode.c.h; path = CPTGraph.h; sourceTree = "<group>"; };
		3424BA64178C4043001A8F2C /* CPTGraphHostingView.h */ = {isa = PBXFileReference; fileEncoding = 4; lastKnownFileType = sourcecode.c.h; path = CPTGraphHostingView.h; sourceTree = "<group>"; };
		3424BA65178C4043001A8F2C /* CPTGridLineGroup.h */ = {isa = PBXFileReference; fileEncoding = 4; lastKnownFileType = sourcecode.c.h; path = CPTGridLineGroup.h; sourceTree = "<group>"; };
		3424BA66178C4043001A8F2C /* CPTGridLines.h */ = {isa = PBXFileReference; fileEncoding = 4; lastKnownFileType = sourcecode.c.h; path = CPTGridLines.h; sourceTree = "<group>"; };
		3424BA67178C4043001A8F2C /* CPTImage.h */ = {isa = PBXFileReference; fileEncoding = 4; lastKnownFileType = sourcecode.c.h; path = CPTImage.h; sourceTree = "<group>"; };
		3424BA68178C4043001A8F2C /* CPTLayer.h */ = {isa = PBXFileReference; fileEncoding = 4; lastKnownFileType = sourcecode.c.h; path = CPTLayer.h; sourceTree = "<group>"; };
		3424BA69178C4043001A8F2C /* CPTLayerAnnotation.h */ = {isa = PBXFileReference; fileEncoding = 4; lastKnownFileType = sourcecode.c.h; path = CPTLayerAnnotation.h; sourceTree = "<group>"; };
		3424BA6A178C4043001A8F2C /* CPTLegend.h */ = {isa = PBXFileReference; fileEncoding = 4; lastKnownFileType = sourcecode.c.h; path = CPTLegend.h; sourceTree = "<group>"; };
		3424BA6B178C4043001A8F2C /* CPTLegendEntry.h */ = {isa = PBXFileReference; fileEncoding = 4; lastKnownFileType = sourcecode.c.h; path = CPTLegendEntry.h; sourceTree = "<group>"; };
		3424BA6C178C4043001A8F2C /* CPTLimitBand.h */ = {isa = PBXFileReference; fileEncoding = 4; lastKnownFileType = sourcecode.c.h; path = CPTLimitBand.h; sourceTree = "<group>"; };
		3424BA6D178C4043001A8F2C /* CPTLineCap.h */ = {isa = PBXFileReference; fileEncoding = 4; lastKnownFileType = sourcecode.c.h; path = CPTLineCap.h; sourceTree = "<group>"; };
		3424BA6E178C4043001A8F2C /* CPTLineStyle.h */ = {isa = PBXFileReference; fileEncoding = 4; lastKnownFileType = sourcecode.c.h; path = CPTLineStyle.h; sourceTree = "<group>"; };
		3424BA6F178C4043001A8F2C /* CPTMutableLineStyle.h */ = {isa = PBXFileReference; fileEncoding = 4; lastKnownFileType = sourcecode.c.h; path = CPTMutableLineStyle.h; sourceTree = "<group>"; };
		3424BA70178C4043001A8F2C /* CPTMutableNumericData+TypeConversion.h */ = {isa = PBXFileReference; fileEncoding = 4; lastKnownFileType = sourcecode.c.h; path = "CPTMutableNumericData+TypeConversion.h"; sourceTree = "<group>"; };
		3424BA71178C4043001A8F2C /* CPTMutableNumericData.h */ = {isa = PBXFileReference; fileEncoding = 4; lastKnownFileType = sourcecode.c.h; path = CPTMutableNumericData.h; sourceTree = "<group>"; };
		3424BA72178C4043001A8F2C /* CPTMutablePlotRange.h */ = {isa = PBXFileReference; fileEncoding = 4; lastKnownFileType = sourcecode.c.h; path = CPTMutablePlotRange.h; sourceTree = "<group>"; };
		3424BA73178C4043001A8F2C /* CPTMutableShadow.h */ = {isa = PBXFileReference; fileEncoding = 4; lastKnownFileType = sourcecode.c.h; path = CPTMutableShadow.h; sourceTree = "<group>"; };
		3424BA74178C4043001A8F2C /* CPTMutableTextStyle.h */ = {isa = PBXFileReference; fileEncoding = 4; lastKnownFileType = sourcecode.c.h; path = CPTMutableTextStyle.h; sourceTree = "<group>"; };
		3424BA75178C4043001A8F2C /* CPTNumericData+TypeConversion.h */ = {isa = PBXFileReference; fileEncoding = 4; lastKnownFileType = sourcecode.c.h; path = "CPTNumericData+TypeConversion.h"; sourceTree = "<group>"; };
		3424BA76178C4043001A8F2C /* CPTNumericData.h */ = {isa = PBXFileReference; fileEncoding = 4; lastKnownFileType = sourcecode.c.h; path = CPTNumericData.h; sourceTree = "<group>"; };
		3424BA77178C4043001A8F2C /* CPTNumericDataType.h */ = {isa = PBXFileReference; fileEncoding = 4; lastKnownFileType = sourcecode.c.h; path = CPTNumericDataType.h; sourceTree = "<group>"; };
		3424BA78178C4043001A8F2C /* CPTPathExtensions.h */ = {isa = PBXFileReference; fileEncoding = 4; lastKnownFileType = sourcecode.c.h; path = CPTPathExtensions.h; sourceTree = "<group>"; };
		3424BA79178C4043001A8F2C /* CPTPieChart.h */ = {isa = PBXFileReference; fileEncoding = 4; lastKnownFileType = sourcecode.c.h; path = CPTPieChart.h; sourceTree = "<group>"; };
		3424BA7A178C4043001A8F2C /* CPTPlatformSpecificCategories.h */ = {isa = PBXFileReference; fileEncoding = 4; lastKnownFileType = sourcecode.c.h; path = CPTPlatformSpecificCategories.h; sourceTree = "<group>"; };
		3424BA7B178C4043001A8F2C /* CPTPlatformSpecificDefines.h */ = {isa = PBXFileReference; fileEncoding = 4; lastKnownFileType = sourcecode.c.h; path = CPTPlatformSpecificDefines.h; sourceTree = "<group>"; };
		3424BA7C178C4043001A8F2C /* CPTPlatformSpecificFunctions.h */ = {isa = PBXFileReference; fileEncoding = 4; lastKnownFileType = sourcecode.c.h; path = CPTPlatformSpecificFunctions.h; sourceTree = "<group>"; };
		3424BA7D178C4043001A8F2C /* CPTPlot.h */ = {isa = PBXFileReference; fileEncoding = 4; lastKnownFileType = sourcecode.c.h; path = CPTPlot.h; sourceTree = "<group>"; };
		3424BA7E178C4043001A8F2C /* CPTPlotArea.h */ = {isa = PBXFileReference; fileEncoding = 4; lastKnownFileType = sourcecode.c.h; path = CPTPlotArea.h; sourceTree = "<group>"; };
		3424BA7F178C4043001A8F2C /* CPTPlotAreaFrame.h */ = {isa = PBXFileReference; fileEncoding = 4; lastKnownFileType = sourcecode.c.h; path = CPTPlotAreaFrame.h; sourceTree = "<group>"; };
		3424BA80178C4043001A8F2C /* CPTPlotGroup.h */ = {isa = PBXFileReference; fileEncoding = 4; lastKnownFileType = sourcecode.c.h; path = CPTPlotGroup.h; sourceTree = "<group>"; };
		3424BA81178C4043001A8F2C /* CPTPlotRange.h */ = {isa = PBXFileReference; fileEncoding = 4; lastKnownFileType = sourcecode.c.h; path = CPTPlotRange.h; sourceTree = "<group>"; };
		3424BA82178C4043001A8F2C /* CPTPlotSpace.h */ = {isa = PBXFileReference; fileEncoding = 4; lastKnownFileType = sourcecode.c.h; path = CPTPlotSpace.h; sourceTree = "<group>"; };
		3424BA83178C4043001A8F2C /* CPTPlotSpaceAnnotation.h */ = {isa = PBXFileReference; fileEncoding = 4; lastKnownFileType = sourcecode.c.h; path = CPTPlotSpaceAnnotation.h; sourceTree = "<group>"; };
		3424BA84178C4043001A8F2C /* CPTPlotSymbol.h */ = {isa = PBXFileReference; fileEncoding = 4; lastKnownFileType = sourcecode.c.h; path = CPTPlotSymbol.h; sourceTree = "<group>"; };
		3424BA85178C4043001A8F2C /* CPTRangePlot.h */ = {isa = PBXFileReference; fileEncoding = 4; lastKnownFileType = sourcecode.c.h; path = CPTRangePlot.h; sourceTree = "<group>"; };
		3424BA86178C4043001A8F2C /* CPTResponder.h */ = {isa = PBXFileReference; fileEncoding = 4; lastKnownFileType = sourcecode.c.h; path = CPTResponder.h; sourceTree = "<group>"; };
		3424BA87178C4043001A8F2C /* CPTScatterPlot.h */ = {isa = PBXFileReference; fileEncoding = 4; lastKnownFileType = sourcecode.c.h; path = CPTScatterPlot.h; sourceTree = "<group>"; };
		3424BA88178C4043001A8F2C /* CPTShadow.h */ = {isa = PBXFileReference; fileEncoding = 4; lastKnownFileType = sourcecode.c.h; path = CPTShadow.h; sourceTree = "<group>"; };
		3424BA89178C4043001A8F2C /* CPTTestCase.h */ = {isa = PBXFileReference; fileEncoding = 4; lastKnownFileType = sourcecode.c.h; path = CPTTestCase.h; sourceTree = "<group>"; };
		3424BA8A178C4043001A8F2C /* CPTTextLayer.h */ = {isa = PBXFileReference; fileEncoding = 4; lastKnownFileType = sourcecode.c.h; path = CPTTextLayer.h; sourceTree = "<group>"; };
		3424BA8B178C4043001A8F2C /* CPTTextStyle.h */ = {isa = PBXFileReference; fileEncoding = 4; lastKnownFileType = sourcecode.c.h; path = CPTTextStyle.h; sourceTree = "<group>"; };
		3424BA8C178C4043001A8F2C /* CPTTextStylePlatformSpecific.h */ = {isa = PBXFileReference; fileEncoding = 4; lastKnownFileType = sourcecode.c.h; path = CPTTextStylePlatformSpecific.h; sourceTree = "<group>"; };
		3424BA8D178C4043001A8F2C /* CPTTheme.h */ = {isa = PBXFileReference; fileEncoding = 4; lastKnownFileType = sourcecode.c.h; path = CPTTheme.h; sourceTree = "<group>"; };
		3424BA8E178C4043001A8F2C /* CPTTimeFormatter.h */ = {isa = PBXFileReference; fileEncoding = 4; lastKnownFileType = sourcecode.c.h; path = CPTTimeFormatter.h; sourceTree = "<group>"; };
		3424BA8F178C4043001A8F2C /* CPTTradingRangePlot.h */ = {isa = PBXFileReference; fileEncoding = 4; lastKnownFileType = sourcecode.c.h; path = CPTTradingRangePlot.h; sourceTree = "<group>"; };
		3424BA90178C4043001A8F2C /* CPTUtilities.h */ = {isa = PBXFileReference; fileEncoding = 4; lastKnownFileType = sourcecode.c.h; path = CPTUtilities.h; sourceTree = "<group>"; };
		3424BA91178C4043001A8F2C /* CPTXYAxis.h */ = {isa = PBXFileReference; fileEncoding = 4; lastKnownFileType = sourcecode.c.h; path = CPTXYAxis.h; sourceTree = "<group>"; };
		3424BA92178C4043001A8F2C /* CPTXYAxisSet.h */ = {isa = PBXFileReference; fileEncoding = 4; lastKnownFileType = sourcecode.c.h; path = CPTXYAxisSet.h; sourceTree = "<group>"; };
		3424BA93178C4043001A8F2C /* CPTXYGraph.h */ = {isa = PBXFileReference; fileEncoding = 4; lastKnownFileType = sourcecode.c.h; path = CPTXYGraph.h; sourceTree = "<group>"; };
		3424BA94178C4043001A8F2C /* CPTXYPlotSpace.h */ = {isa = PBXFileReference; fileEncoding = 4; lastKnownFileType = sourcecode.c.h; path = CPTXYPlotSpace.h; sourceTree = "<group>"; };
		3424BA95178C4043001A8F2C /* mainpage.h */ = {isa = PBXFileReference; fileEncoding = 4; lastKnownFileType = sourcecode.c.h; path = mainpage.h; sourceTree = "<group>"; };
		3424BA96178C4043001A8F2C /* NSCoderExtensions.h */ = {isa = PBXFileReference; fileEncoding = 4; lastKnownFileType = sourcecode.c.h; path = NSCoderExtensions.h; sourceTree = "<group>"; };
		3424BA97178C4043001A8F2C /* NSDecimalNumberExtensions.h */ = {isa = PBXFileReference; fileEncoding = 4; lastKnownFileType = sourcecode.c.h; path = NSDecimalNumberExtensions.h; sourceTree = "<group>"; };
		3424BA98178C4043001A8F2C /* NSNumberExtensions.h */ = {isa = PBXFileReference; fileEncoding = 4; lastKnownFileType = sourcecode.c.h; path = NSNumberExtensions.h; sourceTree = "<group>"; };
		3424BA99178C4043001A8F2C /* libCorePlot-CocoaTouch.a */ = {isa = PBXFileReference; lastKnownFileType = archive.ar; path = "libCorePlot-CocoaTouch.a"; sourceTree = "<group>"; };
		3424BA9B178C40A6001A8F2C /* QuartzCore.framework */ = {isa = PBXFileReference; lastKnownFileType = wrapper.framework; name = QuartzCore.framework; path = System/Library/Frameworks/QuartzCore.framework; sourceTree = SDKROOT; };
		3431C82D177995B200FE8551 /* ios_test.csv */ = {isa = PBXFileReference; fileEncoding = 4; lastKnownFileType = text; path = ios_test.csv; sourceTree = "<group>"; };
		3431C82F1779A3F500FE8551 /* ios_test1.csv */ = {isa = PBXFileReference; fileEncoding = 4; lastKnownFileType = text; path = ios_test1.csv; sourceTree = "<group>"; };
		34427459177BDBA1002CF50A /* thumb_57.png */ = {isa = PBXFileReference; lastKnownFileType = image.png; path = thumb_57.png; sourceTree = "<group>"; };
		3442745B177BDBBC002CF50A /* thumb_114.png */ = {isa = PBXFileReference; lastKnownFileType = image.png; path = thumb_114.png; sourceTree = "<group>"; };
		3442745D177BF434002CF50A /* brown_light.jpg */ = {isa = PBXFileReference; lastKnownFileType = image.jpeg; name = brown_light.jpg; path = ../../../../../eitango/Market/common/brown_light.jpg; sourceTree = "<group>"; };
		34522F3817A0D70700091578 /* ConfigViewController.h */ = {isa = PBXFileReference; fileEncoding = 4; lastKnownFileType = sourcecode.c.h; path = ConfigViewController.h; sourceTree = "<group>"; };
		34522F3917A0D70700091578 /* ConfigViewController.m */ = {isa = PBXFileReference; fileEncoding = 4; lastKnownFileType = sourcecode.c.objc; path = ConfigViewController.m; sourceTree = "<group>"; };
		345C3C3017E5B7DC00344173 /* zeimu6.csv */ = {isa = PBXFileReference; fileEncoding = 4; lastKnownFileType = text; path = zeimu6.csv; sourceTree = "<group>"; };
		345C3C3117E5B7DC00344173 /* zeimu5.csv */ = {isa = PBXFileReference; fileEncoding = 4; lastKnownFileType = text; path = zeimu5.csv; sourceTree = "<group>"; };
		345C3C3217E5B7DC00344173 /* zeimu4.csv */ = {isa = PBXFileReference; fileEncoding = 4; lastKnownFileType = text; path = zeimu4.csv; sourceTree = "<group>"; };
		345C3C3317E5B7DC00344173 /* zeimu3.csv */ = {isa = PBXFileReference; fileEncoding = 4; lastKnownFileType = text; path = zeimu3.csv; sourceTree = "<group>"; };
		345C3C3417E5B7DC00344173 /* zeimu2.csv */ = {isa = PBXFileReference; fileEncoding = 4; lastKnownFileType = text; path = zeimu2.csv; sourceTree = "<group>"; };
		345C3C3517E5B7DC00344173 /* zeimu1.csv */ = {isa = PBXFileReference; fileEncoding = 4; lastKnownFileType = text; path = zeimu1.csv; sourceTree = "<group>"; };
		347A8BC517A2951300588126 /* light.png */ = {isa = PBXFileReference; lastKnownFileType = image.png; path = light.png; sourceTree = "<group>"; };
		347A8BC617A2951300588126 /* desk.png */ = {isa = PBXFileReference; lastKnownFileType = image.png; path = desk.png; sourceTree = "<group>"; };
		347A8BC717A2951300588126 /* sunset.png */ = {isa = PBXFileReference; lastKnownFileType = image.png; path = sunset.png; sourceTree = "<group>"; };
		347A8BC817A2951300588126 /* building.png */ = {isa = PBXFileReference; lastKnownFileType = image.png; path = building.png; sourceTree = "<group>"; };
		347A8BC917A2951300588126 /* building2.png */ = {isa = PBXFileReference; lastKnownFileType = image.png; path = building2.png; sourceTree = "<group>"; };
		347A8BCA17A2951300588126 /* street.png */ = {isa = PBXFileReference; lastKnownFileType = image.png; path = street.png; sourceTree = "<group>"; };
		347A8BCB17A2951300588126 /* aman.png */ = {isa = PBXFileReference; lastKnownFileType = image.png; path = aman.png; sourceTree = "<group>"; };
		347A8BD517A2AF6B00588126 /* bird.png */ = {isa = PBXFileReference; lastKnownFileType = image.png; path = bird.png; sourceTree = "<group>"; };
		347A8BD717A2AF7100588126 /* wood.png */ = {isa = PBXFileReference; lastKnownFileType = image.png; path = wood.png; sourceTree = "<group>"; };
		347A8BD917A68BBE00588126 /* MenuViewController.h */ = {isa = PBXFileReference; fileEncoding = 4; lastKnownFileType = sourcecode.c.h; path = MenuViewController.h; sourceTree = "<group>"; };
		347A8BDA17A68BBE00588126 /* MenuViewController.m */ = {isa = PBXFileReference; fileEncoding = 4; lastKnownFileType = sourcecode.c.objc; path = MenuViewController.m; sourceTree = "<group>"; };
		347A8BDF17A7B93B00588126 /* WrongQuestion.h */ = {isa = PBXFileReference; fileEncoding = 4; lastKnownFileType = sourcecode.c.h; name = WrongQuestion.h; path = ../WrongQuestion.h; sourceTree = "<group>"; };
		347A8BE017A7B93B00588126 /* WrongQuestion.m */ = {isa = PBXFileReference; fileEncoding = 4; lastKnownFileType = sourcecode.c.objc; name = WrongQuestion.m; path = ../WrongQuestion.m; sourceTree = "<group>"; };
		347C702F178C4367004DCDE6 /* ResultViewController.h */ = {isa = PBXFileReference; fileEncoding = 4; lastKnownFileType = sourcecode.c.h; path = ResultViewController.h; sourceTree = "<group>"; };
		347C7030178C4367004DCDE6 /* ResultViewController.m */ = {isa = PBXFileReference; fileEncoding = 4; lastKnownFileType = sourcecode.c.objc; path = ResultViewController.m; sourceTree = "<group>"; };
		348B1CA217954EEA003C361E /* ArrayStore.h */ = {isa = PBXFileReference; fileEncoding = 4; lastKnownFileType = sourcecode.c.h; path = ArrayStore.h; sourceTree = "<group>"; };
		348B1CA317954F00003C361E /* ArrayStore.m */ = {isa = PBXFileReference; fileEncoding = 4; lastKnownFileType = sourcecode.c.objc; path = ArrayStore.m; sourceTree = "<group>"; };
		349B1933177B4BCD0099DB56 /* InitViewController.h */ = {isa = PBXFileReference; fileEncoding = 4; lastKnownFileType = sourcecode.c.h; path = InitViewController.h; sourceTree = "<group>"; };
		349B1934177B4BCD0099DB56 /* InitViewController.m */ = {isa = PBXFileReference; fileEncoding = 4; lastKnownFileType = sourcecode.c.objc; path = InitViewController.m; sourceTree = "<group>"; };
		349B1936177B5A8B0099DB56 /* TransViewController.h */ = {isa = PBXFileReference; fileEncoding = 4; lastKnownFileType = sourcecode.c.h; path = TransViewController.h; sourceTree = "<group>"; };
		349B1937177B5A8B0099DB56 /* TransViewController.m */ = {isa = PBXFileReference; fileEncoding = 4; lastKnownFileType = sourcecode.c.objc; path = TransViewController.m; sourceTree = "<group>"; };
		349B1939177B60F00099DB56 /* _homu6.csv */ = {isa = PBXFileReference; fileEncoding = 4; lastKnownFileType = text; path = _homu6.csv; sourceTree = "<group>"; };
		349B193A177B60F00099DB56 /* _homu5.csv */ = {isa = PBXFileReference; fileEncoding = 4; lastKnownFileType = text; path = _homu5.csv; sourceTree = "<group>"; };
		349B193B177B60F00099DB56 /* _homu4.csv */ = {isa = PBXFileReference; fileEncoding = 4; lastKnownFileType = text; path = _homu4.csv; sourceTree = "<group>"; };
		349B193C177B60F00099DB56 /* _homu3.csv */ = {isa = PBXFileReference; fileEncoding = 4; lastKnownFileType = text; path = _homu3.csv; sourceTree = "<group>"; };
		349B193D177B60F00099DB56 /* _homu2.csv */ = {isa = PBXFileReference; fileEncoding = 4; lastKnownFileType = text; path = _homu2.csv; sourceTree = "<group>"; };
		349B193E177B60F00099DB56 /* _homu1.csv */ = {isa = PBXFileReference; fileEncoding = 4; lastKnownFileType = text; path = _homu1.csv; sourceTree = "<group>"; };
		34B08B7E17A8FFB0002132CC /* button_解答履歴を消去.png */ = {isa = PBXFileReference; lastKnownFileType = image.png; path = "button_解答履歴を消去.png"; sourceTree = "<group>"; };
		34B08B7F17A8FFB0002132CC /* button_解説.png */ = {isa = PBXFileReference; lastKnownFileType = image.png; path = "button_解説.png"; sourceTree = "<group>"; };
		34B08B8017A8FFB0002132CC /* button_回答終了.png */ = {isa = PBXFileReference; lastKnownFileType = image.png; path = "button_回答終了.png"; sourceTree = "<group>"; };
		34B08B8117A8FFB0002132CC /* button_第八章.png */ = {isa = PBXFileReference; lastKnownFileType = image.png; path = "button_第八章.png"; sourceTree = "<group>"; };
		34B08B8217A8FFB0002132CC /* button_第七章.png */ = {isa = PBXFileReference; lastKnownFileType = image.png; path = "button_第七章.png"; sourceTree = "<group>"; };
		34B08B8317A8FFB0002132CC /* button_第六章.png */ = {isa = PBXFileReference; lastKnownFileType = image.png; path = "button_第六章.png"; sourceTree = "<group>"; };
		34B08B8417A8FFB0002132CC /* button_第五章.png */ = {isa = PBXFileReference; lastKnownFileType = image.png; path = "button_第五章.png"; sourceTree = "<group>"; };
		34B08B8517A8FFB0002132CC /* button_第四章.png */ = {isa = PBXFileReference; lastKnownFileType = image.png; path = "button_第四章.png"; sourceTree = "<group>"; };
		34B08B8617A8FFB0002132CC /* button_第三章.png */ = {isa = PBXFileReference; lastKnownFileType = image.png; path = "button_第三章.png"; sourceTree = "<group>"; };
		34B08B8717A8FFB0002132CC /* button_第二証.png */ = {isa = PBXFileReference; lastKnownFileType = image.png; path = "button_第二証.png"; sourceTree = "<group>"; };
		34B08B8817A8FFB0002132CC /* button_第一章.png */ = {isa = PBXFileReference; lastKnownFileType = image.png; path = "button_第一章.png"; sourceTree = "<group>"; };
		34B08B8917A8FFB0002132CC /* button_戻る.png */ = {isa = PBXFileReference; lastKnownFileType = image.png; path = "button_戻る.png"; sourceTree = "<group>"; };
		34B08B8A17A8FFB0002132CC /* button_設定.png */ = {isa = PBXFileReference; lastKnownFileType = image.png; path = "button_設定.png"; sourceTree = "<group>"; };
		34B08B8B17A8FFB0002132CC /* button_成績表.png */ = {isa = PBXFileReference; lastKnownFileType = image.png; path = "button_成績表.png"; sourceTree = "<group>"; };
		34B08B8C17A8FFB0002132CC /* button_弱点克服.png */ = {isa = PBXFileReference; lastKnownFileType = image.png; path = "button_弱点克服.png"; sourceTree = "<group>"; };
		34B08B8D17A8FFB0002132CC /* button_問題選択.png */ = {isa = PBXFileReference; lastKnownFileType = image.png; path = "button_問題選択.png"; sourceTree = "<group>"; };
		34B08B9E17A903B7002132CC /* button_第六章_pink.png */ = {isa = PBXFileReference; lastKnownFileType = image.png; path = "button_第六章_pink.png"; sourceTree = "<group>"; };
		34B08B9F17A903B7002132CC /* button_第五章_dpBlue.png */ = {isa = PBXFileReference; lastKnownFileType = image.png; path = "button_第五章_dpBlue.png"; sourceTree = "<group>"; };
		34B08BA017A903B7002132CC /* button_第四章_yellow.png */ = {isa = PBXFileReference; lastKnownFileType = image.png; path = "button_第四章_yellow.png"; sourceTree = "<group>"; };
		34B08BA117A903B7002132CC /* button_第三章_blue.png */ = {isa = PBXFileReference; lastKnownFileType = image.png; path = "button_第三章_blue.png"; sourceTree = "<group>"; };
		34B08BA217A903B7002132CC /* button_第二章_green.png */ = {isa = PBXFileReference; lastKnownFileType = image.png; path = "button_第二章_green.png"; sourceTree = "<group>"; };
		34B08BA317A903B7002132CC /* button_第一章_red.png */ = {isa = PBXFileReference; lastKnownFileType = image.png; path = "button_第一章_red.png"; sourceTree = "<group>"; };
		34B08BAA17A907BC002132CC /* button-回答終了_mini.png */ = {isa = PBXFileReference; lastKnownFileType = image.png; path = "button-回答終了_mini.png"; sourceTree = "<group>"; };
		34B08BAC17A907D7002132CC /* button-解説_mini.png */ = {isa = PBXFileReference; lastKnownFileType = image.png; path = "button-解説_mini.png"; sourceTree = "<group>"; };
		34CD303717A9203C0091ADEC /* button-スタート.png */ = {isa = PBXFileReference; lastKnownFileType = image.png; path = "button-スタート.png"; sourceTree = "<group>"; };
		E95B49B41685D377005ECF09 /* zeimu3.app */ = {isa = PBXFileReference; explicitFileType = wrapper.application; includeInIndex = 0; path = zeimu3.app; sourceTree = BUILT_PRODUCTS_DIR; };
		E95B49B81685D377005ECF09 /* UIKit.framework */ = {isa = PBXFileReference; lastKnownFileType = wrapper.framework; name = UIKit.framework; path = System/Library/Frameworks/UIKit.framework; sourceTree = SDKROOT; };
		E95B49BA1685D377005ECF09 /* Foundation.framework */ = {isa = PBXFileReference; lastKnownFileType = wrapper.framework; name = Foundation.framework; path = System/Library/Frameworks/Foundation.framework; sourceTree = SDKROOT; };
		E95B49BC1685D377005ECF09 /* CoreGraphics.framework */ = {isa = PBXFileReference; lastKnownFileType = wrapper.framework; name = CoreGraphics.framework; path = System/Library/Frameworks/CoreGraphics.framework; sourceTree = SDKROOT; };
		E95B49C01685D377005ECF09 /* zeimu3-Info.plist */ = {isa = PBXFileReference; lastKnownFileType = text.plist.xml; path = "zeimu3-Info.plist"; sourceTree = "<group>"; };
		E95B49C21685D377005ECF09 /* en */ = {isa = PBXFileReference; lastKnownFileType = text.plist.strings; name = en; path = en.lproj/InfoPlist.strings; sourceTree = "<group>"; };
		E95B49C41685D377005ECF09 /* main.m */ = {isa = PBXFileReference; lastKnownFileType = sourcecode.c.objc; path = main.m; sourceTree = "<group>"; };
		E95B49C61685D377005ECF09 /* zeimu3-Prefix.pch */ = {isa = PBXFileReference; lastKnownFileType = sourcecode.c.h; path = "zeimu3-Prefix.pch"; sourceTree = "<group>"; };
		E95B49C71685D377005ECF09 /* AppDelegate.h */ = {isa = PBXFileReference; lastKnownFileType = sourcecode.c.h; path = AppDelegate.h; sourceTree = "<group>"; };
		E95B49C81685D377005ECF09 /* AppDelegate.m */ = {isa = PBXFileReference; lastKnownFileType = sourcecode.c.objc; path = AppDelegate.m; sourceTree = "<group>"; };
		E95B49CA1685D377005ECF09 /* Default.png */ = {isa = PBXFileReference; lastKnownFileType = image.png; path = Default.png; sourceTree = "<group>"; };
		E95B49CC1685D377005ECF09 /* Default@2x.png */ = {isa = PBXFileReference; lastKnownFileType = image.png; path = "Default@2x.png"; sourceTree = "<group>"; };
		E95B49CE1685D377005ECF09 /* Default-568h@2x.png */ = {isa = PBXFileReference; lastKnownFileType = image.png; path = "Default-568h@2x.png"; sourceTree = "<group>"; };
		E95B49D11685D377005ECF09 /* en */ = {isa = PBXFileReference; lastKnownFileType = file.storyboard; name = en; path = en.lproj/MainStoryboard.storyboard; sourceTree = "<group>"; };
		E95B49D31685D377005ECF09 /* ViewController.h */ = {isa = PBXFileReference; lastKnownFileType = sourcecode.c.h; path = ViewController.h; sourceTree = "<group>"; };
		E95B49D41685D377005ECF09 /* ViewController.m */ = {isa = PBXFileReference; lastKnownFileType = sourcecode.c.objc; path = ViewController.m; sourceTree = "<group>"; };
		E95B49DB1685D3E9005ECF09 /* quiz.txt */ = {isa = PBXFileReference; fileEncoding = 4; lastKnownFileType = text; path = quiz.txt; sourceTree = "<group>"; };
		E95B49DD1685D465005ECF09 /* Quiz.h */ = {isa = PBXFileReference; fileEncoding = 4; lastKnownFileType = sourcecode.c.h; path = Quiz.h; sourceTree = "<group>"; };
		E95B49DE1685D465005ECF09 /* Quiz.m */ = {isa = PBXFileReference; fileEncoding = 4; lastKnownFileType = sourcecode.c.objc; path = Quiz.m; sourceTree = "<group>"; };
		E95B49E01685D4A0005ECF09 /* QuizItem.h */ = {isa = PBXFileReference; fileEncoding = 4; lastKnownFileType = sourcecode.c.h; path = QuizItem.h; sourceTree = "<group>"; };
		E95B49E11685D4A0005ECF09 /* QuizItem.m */ = {isa = PBXFileReference; fileEncoding = 4; lastKnownFileType = sourcecode.c.objc; path = QuizItem.m; sourceTree = "<group>"; };
		E98B85D21685DF9D00728BD0 /* QuizRunningViewController.h */ = {isa = PBXFileReference; fileEncoding = 4; lastKnownFileType = sourcecode.c.h; path = QuizRunningViewController.h; sourceTree = "<group>"; };
		E98B85D31685DF9D00728BD0 /* QuizRunningViewController.m */ = {isa = PBXFileReference; fileEncoding = 4; lastKnownFileType = sourcecode.c.objc; path = QuizRunningViewController.m; sourceTree = "<group>"; };
		E992A1E51688A05500E5A17D /* NotRight.aiff */ = {isa = PBXFileReference; lastKnownFileType = audio.aiff; path = NotRight.aiff; sourceTree = "<group>"; };
		E992A1E61688A05500E5A17D /* Right.aiff */ = {isa = PBXFileReference; lastKnownFileType = audio.aiff; path = Right.aiff; sourceTree = "<group>"; };
		E992A1EA1688A0A400E5A17D /* AudioToolbox.framework */ = {isa = PBXFileReference; lastKnownFileType = wrapper.framework; name = AudioToolbox.framework; path = System/Library/Frameworks/AudioToolbox.framework; sourceTree = SDKROOT; };
/* End PBXFileReference section */

/* Begin PBXFrameworksBuildPhase section */
		E95B49B11685D377005ECF09 /* Frameworks */ = {
			isa = PBXFrameworksBuildPhase;
			buildActionMask = 2147483647;
			files = (
				3424BA9C178C40A6001A8F2C /* QuartzCore.framework in Frameworks */,
				E992A1EB1688A0A400E5A17D /* AudioToolbox.framework in Frameworks */,
				E95B49B91685D377005ECF09 /* UIKit.framework in Frameworks */,
				E95B49BB1685D377005ECF09 /* Foundation.framework in Frameworks */,
				E95B49BD1685D377005ECF09 /* CoreGraphics.framework in Frameworks */,
				3424BA9A178C4043001A8F2C /* libCorePlot-CocoaTouch.a in Frameworks */,
			);
			runOnlyForDeploymentPostprocessing = 0;
		};
/* End PBXFrameworksBuildPhase section */

/* Begin PBXGroup section */
		3424BA4A178C4043001A8F2C /* iOS */ = {
			isa = PBXGroup;
			children = (
				3424BA4B178C4043001A8F2C /* CorePlotHeaders */,
				3424BA99178C4043001A8F2C /* libCorePlot-CocoaTouch.a */,
			);
			path = iOS;
			sourceTree = "<group>";
		};
		3424BA4B178C4043001A8F2C /* CorePlotHeaders */ = {
			isa = PBXGroup;
			children = (
				3424BA4C178C4043001A8F2C /* CorePlot-CocoaTouch.h */,
				3424BA4D178C4043001A8F2C /* CPTAnimation.h */,
				3424BA4E178C4043001A8F2C /* CPTAnimationOperation.h */,
				3424BA4F178C4043001A8F2C /* CPTAnimationPeriod.h */,
				3424BA50178C4043001A8F2C /* CPTAnnotation.h */,
				3424BA51178C4043001A8F2C /* CPTAnnotationHostLayer.h */,
				3424BA52178C4043001A8F2C /* CPTAxis.h */,
				3424BA53178C4043001A8F2C /* CPTAxisLabel.h */,
				3424BA54178C4043001A8F2C /* CPTAxisLabelGroup.h */,
				3424BA55178C4043001A8F2C /* CPTAxisSet.h */,
				3424BA56178C4043001A8F2C /* CPTAxisTitle.h */,
				3424BA57178C4043001A8F2C /* CPTBarPlot.h */,
				3424BA58178C4043001A8F2C /* CPTBorderedLayer.h */,
				3424BA59178C4043001A8F2C /* CPTCalendarFormatter.h */,
				3424BA5A178C4043001A8F2C /* CPTColor.h */,
				3424BA5B178C4043001A8F2C /* CPTColorSpace.h */,
				3424BA5C178C4043001A8F2C /* CPTConstraints.h */,
				3424BA5D178C4043001A8F2C /* CPTDataSourceTestCase.h */,
				3424BA5E178C4043001A8F2C /* CPTDefinitions.h */,
				3424BA5F178C4043001A8F2C /* CPTDerivedXYGraph.h */,
				3424BA60178C4043001A8F2C /* CPTExceptions.h */,
				3424BA61178C4043001A8F2C /* CPTFill.h */,
				3424BA62178C4043001A8F2C /* CPTGradient.h */,
				3424BA63178C4043001A8F2C /* CPTGraph.h */,
				3424BA64178C4043001A8F2C /* CPTGraphHostingView.h */,
				3424BA65178C4043001A8F2C /* CPTGridLineGroup.h */,
				3424BA66178C4043001A8F2C /* CPTGridLines.h */,
				3424BA67178C4043001A8F2C /* CPTImage.h */,
				3424BA68178C4043001A8F2C /* CPTLayer.h */,
				3424BA69178C4043001A8F2C /* CPTLayerAnnotation.h */,
				3424BA6A178C4043001A8F2C /* CPTLegend.h */,
				3424BA6B178C4043001A8F2C /* CPTLegendEntry.h */,
				3424BA6C178C4043001A8F2C /* CPTLimitBand.h */,
				3424BA6D178C4043001A8F2C /* CPTLineCap.h */,
				3424BA6E178C4043001A8F2C /* CPTLineStyle.h */,
				3424BA6F178C4043001A8F2C /* CPTMutableLineStyle.h */,
				3424BA70178C4043001A8F2C /* CPTMutableNumericData+TypeConversion.h */,
				3424BA71178C4043001A8F2C /* CPTMutableNumericData.h */,
				3424BA72178C4043001A8F2C /* CPTMutablePlotRange.h */,
				3424BA73178C4043001A8F2C /* CPTMutableShadow.h */,
				3424BA74178C4043001A8F2C /* CPTMutableTextStyle.h */,
				3424BA75178C4043001A8F2C /* CPTNumericData+TypeConversion.h */,
				3424BA76178C4043001A8F2C /* CPTNumericData.h */,
				3424BA77178C4043001A8F2C /* CPTNumericDataType.h */,
				3424BA78178C4043001A8F2C /* CPTPathExtensions.h */,
				3424BA79178C4043001A8F2C /* CPTPieChart.h */,
				3424BA7A178C4043001A8F2C /* CPTPlatformSpecificCategories.h */,
				3424BA7B178C4043001A8F2C /* CPTPlatformSpecificDefines.h */,
				3424BA7C178C4043001A8F2C /* CPTPlatformSpecificFunctions.h */,
				3424BA7D178C4043001A8F2C /* CPTPlot.h */,
				3424BA7E178C4043001A8F2C /* CPTPlotArea.h */,
				3424BA7F178C4043001A8F2C /* CPTPlotAreaFrame.h */,
				3424BA80178C4043001A8F2C /* CPTPlotGroup.h */,
				3424BA81178C4043001A8F2C /* CPTPlotRange.h */,
				3424BA82178C4043001A8F2C /* CPTPlotSpace.h */,
				3424BA83178C4043001A8F2C /* CPTPlotSpaceAnnotation.h */,
				3424BA84178C4043001A8F2C /* CPTPlotSymbol.h */,
				3424BA85178C4043001A8F2C /* CPTRangePlot.h */,
				3424BA86178C4043001A8F2C /* CPTResponder.h */,
				3424BA87178C4043001A8F2C /* CPTScatterPlot.h */,
				3424BA88178C4043001A8F2C /* CPTShadow.h */,
				3424BA89178C4043001A8F2C /* CPTTestCase.h */,
				3424BA8A178C4043001A8F2C /* CPTTextLayer.h */,
				3424BA8B178C4043001A8F2C /* CPTTextStyle.h */,
				3424BA8C178C4043001A8F2C /* CPTTextStylePlatformSpecific.h */,
				3424BA8D178C4043001A8F2C /* CPTTheme.h */,
				3424BA8E178C4043001A8F2C /* CPTTimeFormatter.h */,
				3424BA8F178C4043001A8F2C /* CPTTradingRangePlot.h */,
				3424BA90178C4043001A8F2C /* CPTUtilities.h */,
				3424BA91178C4043001A8F2C /* CPTXYAxis.h */,
				3424BA92178C4043001A8F2C /* CPTXYAxisSet.h */,
				3424BA93178C4043001A8F2C /* CPTXYGraph.h */,
				3424BA94178C4043001A8F2C /* CPTXYPlotSpace.h */,
				3424BA95178C4043001A8F2C /* mainpage.h */,
				3424BA96178C4043001A8F2C /* NSCoderExtensions.h */,
				3424BA97178C4043001A8F2C /* NSDecimalNumberExtensions.h */,
				3424BA98178C4043001A8F2C /* NSNumberExtensions.h */,
			);
			path = CorePlotHeaders;
			sourceTree = "<group>";
		};
		E95B49A91685D377005ECF09 = {
			isa = PBXGroup;
			children = (
				3424BA4A178C4043001A8F2C /* iOS */,
				3442745B177BDBBC002CF50A /* thumb_114.png */,
				34427459177BDBA1002CF50A /* thumb_57.png */,
				E95B49BE1685D377005ECF09 /* zeimu3 */,
				E95B49B71685D377005ECF09 /* Frameworks */,
				E95B49B51685D377005ECF09 /* Products */,
			);
			sourceTree = "<group>";
		};
		E95B49B51685D377005ECF09 /* Products */ = {
			isa = PBXGroup;
			children = (
				E95B49B41685D377005ECF09 /* zeimu3.app */,
			);
			name = Products;
			sourceTree = "<group>";
		};
		E95B49B71685D377005ECF09 /* Frameworks */ = {
			isa = PBXGroup;
			children = (
				3424BA9B178C40A6001A8F2C /* QuartzCore.framework */,
				E992A1EA1688A0A400E5A17D /* AudioToolbox.framework */,
				E95B49B81685D377005ECF09 /* UIKit.framework */,
				E95B49BA1685D377005ECF09 /* Foundation.framework */,
				E95B49BC1685D377005ECF09 /* CoreGraphics.framework */,
			);
			name = Frameworks;
			sourceTree = "<group>";
		};
		E95B49BE1685D377005ECF09 /* zeimu3 */ = {
			isa = PBXGroup;
			children = (
				347A8BDF17A7B93B00588126 /* WrongQuestion.h */,
				347A8BE017A7B93B00588126 /* WrongQuestion.m */,
				E95B49C71685D377005ECF09 /* AppDelegate.h */,
				E95B49C81685D377005ECF09 /* AppDelegate.m */,
				E95B49D01685D377005ECF09 /* MainStoryboard.storyboard */,
				347A8BD917A68BBE00588126 /* MenuViewController.h */,
				347A8BDA17A68BBE00588126 /* MenuViewController.m */,
				341D91D41792936600023EBD /* DataStore.h */,
				341D91D51792936600023EBD /* DataStore.m */,
				348B1CA217954EEA003C361E /* ArrayStore.h */,
				348B1CA317954F00003C361E /* ArrayStore.m */,
				E95B49D31685D377005ECF09 /* ViewController.h */,
				E95B49D41685D377005ECF09 /* ViewController.m */,
				349B1933177B4BCD0099DB56 /* InitViewController.h */,
				349B1934177B4BCD0099DB56 /* InitViewController.m */,
				349B1936177B5A8B0099DB56 /* TransViewController.h */,
				349B1937177B5A8B0099DB56 /* TransViewController.m */,
				347C702F178C4367004DCDE6 /* ResultViewController.h */,
				347C7030178C4367004DCDE6 /* ResultViewController.m */,
				341D91D71792AAF300023EBD /* TimeSeriesViewController.h */,
				341D91D81792AAF300023EBD /* TimeSeriesViewController.m */,
				E95B49DD1685D465005ECF09 /* Quiz.h */,
				E95B49DE1685D465005ECF09 /* Quiz.m */,
				E95B49E01685D4A0005ECF09 /* QuizItem.h */,
				E95B49E11685D4A0005ECF09 /* QuizItem.m */,
				E98B85D21685DF9D00728BD0 /* QuizRunningViewController.h */,
				E98B85D31685DF9D00728BD0 /* QuizRunningViewController.m */,
				3415CE50177AAB4B007D9BEB /* ExplainViewController.h */,
				3415CE51177AAB4B007D9BEB /* ExplainViewController.m */,
				34522F3817A0D70700091578 /* ConfigViewController.h */,
				34522F3917A0D70700091578 /* ConfigViewController.m */,
				E95B49BF1685D377005ECF09 /* Supporting Files */,
			);
			name = zeimu3;
			path = Quiz;
			sourceTree = "<group>";
		};
		E95B49BF1685D377005ECF09 /* Supporting Files */ = {
			isa = PBXGroup;
			children = (
				345C3C3017E5B7DC00344173 /* zeimu6.csv */,
				345C3C3117E5B7DC00344173 /* zeimu5.csv */,
				345C3C3217E5B7DC00344173 /* zeimu4.csv */,
				345C3C3317E5B7DC00344173 /* zeimu3.csv */,
				345C3C3417E5B7DC00344173 /* zeimu2.csv */,
				345C3C3517E5B7DC00344173 /* zeimu1.csv */,
				34CD303717A9203C0091ADEC /* button-スタート.png */,
				34B08BAC17A907D7002132CC /* button-解説_mini.png */,
				34B08BAA17A907BC002132CC /* button-回答終了_mini.png */,
				34B08B9E17A903B7002132CC /* button_第六章_pink.png */,
				34B08B9F17A903B7002132CC /* button_第五章_dpBlue.png */,
				34B08BA017A903B7002132CC /* button_第四章_yellow.png */,
				34B08BA117A903B7002132CC /* button_第三章_blue.png */,
				34B08BA217A903B7002132CC /* button_第二章_green.png */,
				34B08BA317A903B7002132CC /* button_第一章_red.png */,
				34B08B7E17A8FFB0002132CC /* button_解答履歴を消去.png */,
				34B08B7F17A8FFB0002132CC /* button_解説.png */,
				34B08B8017A8FFB0002132CC /* button_回答終了.png */,
				34B08B8117A8FFB0002132CC /* button_第八章.png */,
				34B08B8217A8FFB0002132CC /* button_第七章.png */,
				34B08B8317A8FFB0002132CC /* button_第六章.png */,
				34B08B8417A8FFB0002132CC /* button_第五章.png */,
				34B08B8517A8FFB0002132CC /* button_第四章.png */,
				34B08B8617A8FFB0002132CC /* button_第三章.png */,
				34B08B8717A8FFB0002132CC /* button_第二証.png */,
				34B08B8817A8FFB0002132CC /* button_第一章.png */,
				34B08B8917A8FFB0002132CC /* button_戻る.png */,
				34B08B8A17A8FFB0002132CC /* button_設定.png */,
				34B08B8B17A8FFB0002132CC /* button_成績表.png */,
				34B08B8C17A8FFB0002132CC /* button_弱点克服.png */,
				34B08B8D17A8FFB0002132CC /* button_問題選択.png */,
				347A8BC517A2951300588126 /* light.png */,
				347A8BD717A2AF7100588126 /* wood.png */,
				347A8BD517A2AF6B00588126 /* bird.png */,
				347A8BC617A2951300588126 /* desk.png */,
				347A8BC717A2951300588126 /* sunset.png */,
				347A8BC817A2951300588126 /* building.png */,
				347A8BC917A2951300588126 /* building2.png */,
				347A8BCA17A2951300588126 /* street.png */,
				347A8BCB17A2951300588126 /* aman.png */,
				3400E8F4177DAD4C00523BB0 /* maru.png */,
				3400E8F8177DB67C00523BB0 /* batu.png */,
				3442745D177BF434002CF50A /* brown_light.jpg */,
				3431C82D177995B200FE8551 /* ios_test.csv */,
				349B1939177B60F00099DB56 /* _homu6.csv */,
				349B193A177B60F00099DB56 /* _homu5.csv */,
				349B193B177B60F00099DB56 /* _homu4.csv */,
				349B193C177B60F00099DB56 /* _homu3.csv */,
				349B193D177B60F00099DB56 /* _homu2.csv */,
				349B193E177B60F00099DB56 /* _homu1.csv */,
				3431C82F1779A3F500FE8551 /* ios_test1.csv */,
				E992A1E51688A05500E5A17D /* NotRight.aiff */,
				E992A1E61688A05500E5A17D /* Right.aiff */,
				E95B49C01685D377005ECF09 /* zeimu3-Info.plist */,
				E95B49C11685D377005ECF09 /* InfoPlist.strings */,
				E95B49C41685D377005ECF09 /* main.m */,
				E95B49C61685D377005ECF09 /* zeimu3-Prefix.pch */,
				E95B49CA1685D377005ECF09 /* Default.png */,
				E95B49CC1685D377005ECF09 /* Default@2x.png */,
				E95B49CE1685D377005ECF09 /* Default-568h@2x.png */,
				E95B49DB1685D3E9005ECF09 /* quiz.txt */,
			);
			name = "Supporting Files";
			sourceTree = "<group>";
		};
/* End PBXGroup section */

/* Begin PBXNativeTarget section */
		E95B49B31685D377005ECF09 /* zeimu3 */ = {
			isa = PBXNativeTarget;
			buildConfigurationList = E95B49D81685D377005ECF09 /* Build configuration list for PBXNativeTarget "zeimu3" */;
			buildPhases = (
				E95B49B01685D377005ECF09 /* Sources */,
				E95B49B11685D377005ECF09 /* Frameworks */,
				E95B49B21685D377005ECF09 /* Resources */,
			);
			buildRules = (
			);
			dependencies = (
			);
			name = zeimu3;
			productName = Quiz;
			productReference = E95B49B41685D377005ECF09 /* zeimu3.app */;
			productType = "com.apple.product-type.application";
		};
/* End PBXNativeTarget section */

/* Begin PBXProject section */
		E95B49AB1685D377005ECF09 /* Project object */ = {
			isa = PBXProject;
			attributes = {
				LastUpgradeCheck = 0450;
			};
			buildConfigurationList = E95B49AE1685D377005ECF09 /* Build configuration list for PBXProject "Zeimu3" */;
			compatibilityVersion = "Xcode 3.2";
			developmentRegion = English;
			hasScannedForEncodings = 0;
			knownRegions = (
				en,
			);
			mainGroup = E95B49A91685D377005ECF09;
			productRefGroup = E95B49B51685D377005ECF09 /* Products */;
			projectDirPath = "";
			projectRoot = "";
			targets = (
				E95B49B31685D377005ECF09 /* zeimu3 */,
			);
		};
/* End PBXProject section */

/* Begin PBXResourcesBuildPhase section */
		E95B49B21685D377005ECF09 /* Resources */ = {
			isa = PBXResourcesBuildPhase;
			buildActionMask = 2147483647;
			files = (
				E95B49C31685D377005ECF09 /* InfoPlist.strings in Resources */,
				E95B49CB1685D377005ECF09 /* Default.png in Resources */,
				E95B49CD1685D377005ECF09 /* Default@2x.png in Resources */,
				E95B49CF1685D377005ECF09 /* Default-568h@2x.png in Resources */,
				E95B49D21685D377005ECF09 /* MainStoryboard.storyboard in Resources */,
				E95B49DC1685D3E9005ECF09 /* quiz.txt in Resources */,
				E992A1E71688A05500E5A17D /* NotRight.aiff in Resources */,
				E992A1E81688A05500E5A17D /* Right.aiff in Resources */,
				3431C82E177995B200FE8551 /* ios_test.csv in Resources */,
				3431C8301779A3F500FE8551 /* ios_test1.csv in Resources */,
				349B193F177B60F00099DB56 /* _homu6.csv in Resources */,
				349B1940177B60F00099DB56 /* _homu5.csv in Resources */,
				349B1941177B60F00099DB56 /* _homu4.csv in Resources */,
				349B1942177B60F00099DB56 /* _homu3.csv in Resources */,
				349B1943177B60F00099DB56 /* _homu2.csv in Resources */,
				349B1944177B60F00099DB56 /* _homu1.csv in Resources */,
				3442745A177BDBA1002CF50A /* thumb_57.png in Resources */,
				3442745C177BDBBC002CF50A /* thumb_114.png in Resources */,
				3442745E177BF434002CF50A /* brown_light.jpg in Resources */,
				3400E8F5177DAD4C00523BB0 /* maru.png in Resources */,
				3400E8F9177DB67C00523BB0 /* batu.png in Resources */,
				347A8BCC17A2951300588126 /* light.png in Resources */,
				347A8BCD17A2951300588126 /* desk.png in Resources */,
				347A8BCE17A2951300588126 /* sunset.png in Resources */,
				347A8BCF17A2951300588126 /* building.png in Resources */,
				347A8BD017A2951300588126 /* building2.png in Resources */,
				347A8BD117A2951300588126 /* street.png in Resources */,
				347A8BD217A2951300588126 /* aman.png in Resources */,
				347A8BD617A2AF6B00588126 /* bird.png in Resources */,
				347A8BD817A2AF7200588126 /* wood.png in Resources */,
				34B08B8E17A8FFB0002132CC /* button_解答履歴を消去.png in Resources */,
				34B08B8F17A8FFB0002132CC /* button_解説.png in Resources */,
				34B08B9017A8FFB0002132CC /* button_回答終了.png in Resources */,
				34B08B9117A8FFB0002132CC /* button_第八章.png in Resources */,
				34B08B9217A8FFB0002132CC /* button_第七章.png in Resources */,
				34B08B9317A8FFB0002132CC /* button_第六章.png in Resources */,
				34B08B9417A8FFB0002132CC /* button_第五章.png in Resources */,
				34B08B9517A8FFB0002132CC /* button_第四章.png in Resources */,
				34B08B9617A8FFB0002132CC /* button_第三章.png in Resources */,
				34B08B9717A8FFB0002132CC /* button_第二証.png in Resources */,
				34B08B9817A8FFB0002132CC /* button_第一章.png in Resources */,
				34B08B9917A8FFB0002132CC /* button_戻る.png in Resources */,
				34B08B9A17A8FFB0002132CC /* button_設定.png in Resources */,
				34B08B9B17A8FFB0002132CC /* button_成績表.png in Resources */,
				34B08B9C17A8FFB0002132CC /* button_弱点克服.png in Resources */,
				34B08B9D17A8FFB0002132CC /* button_問題選択.png in Resources */,
				34B08BA417A903B7002132CC /* button_第六章_pink.png in Resources */,
				34B08BA517A903B7002132CC /* button_第五章_dpBlue.png in Resources */,
				34B08BA617A903B7002132CC /* button_第四章_yellow.png in Resources */,
				34B08BA717A903B7002132CC /* button_第三章_blue.png in Resources */,
				34B08BA817A903B7002132CC /* button_第二章_green.png in Resources */,
				34B08BA917A903B7002132CC /* button_第一章_red.png in Resources */,
				34B08BAB17A907BC002132CC /* button-回答終了_mini.png in Resources */,
				34B08BAD17A907D7002132CC /* button-解説_mini.png in Resources */,
				34CD303817A9203C0091ADEC /* button-スタート.png in Resources */,
				345C3C3617E5B7DC00344173 /* zeimu6.csv in Resources */,
				345C3C3717E5B7DC00344173 /* zeimu5.csv in Resources */,
				345C3C3817E5B7DC00344173 /* zeimu4.csv in Resources */,
				345C3C3917E5B7DC00344173 /* zeimu3.csv in Resources */,
				345C3C3A17E5B7DC00344173 /* zeimu2.csv in Resources */,
				345C3C3B17E5B7DC00344173 /* zeimu1.csv in Resources */,
			);
			runOnlyForDeploymentPostprocessing = 0;
		};
/* End PBXResourcesBuildPhase section */

/* Begin PBXSourcesBuildPhase section */
		E95B49B01685D377005ECF09 /* Sources */ = {
			isa = PBXSourcesBuildPhase;
			buildActionMask = 2147483647;
			files = (
				E95B49C51685D377005ECF09 /* main.m in Sources */,
				E95B49C91685D377005ECF09 /* AppDelegate.m in Sources */,
				E95B49D51685D377005ECF09 /* ViewController.m in Sources */,
				E95B49DF1685D465005ECF09 /* Quiz.m in Sources */,
				E95B49E21685D4A0005ECF09 /* QuizItem.m in Sources */,
				E98B85D41685DF9D00728BD0 /* QuizRunningViewController.m in Sources */,
				3415CE52177AAB4B007D9BEB /* ExplainViewController.m in Sources */,
				349B1935177B4BCD0099DB56 /* InitViewController.m in Sources */,
				349B1938177B5A8B0099DB56 /* TransViewController.m in Sources */,
				347C7031178C4367004DCDE6 /* ResultViewController.m in Sources */,
				341D91D61792936600023EBD /* DataStore.m in Sources */,
				341D91D91792AAF300023EBD /* TimeSeriesViewController.m in Sources */,
				348B1CA417954F00003C361E /* ArrayStore.m in Sources */,
				34522F3A17A0D70700091578 /* ConfigViewController.m in Sources */,
				347A8BDB17A68BBE00588126 /* MenuViewController.m in Sources */,
				347A8BE117A7B93B00588126 /* WrongQuestion.m in Sources */,
			);
			runOnlyForDeploymentPostprocessing = 0;
		};
/* End PBXSourcesBuildPhase section */

/* Begin PBXVariantGroup section */
		E95B49C11685D377005ECF09 /* InfoPlist.strings */ = {
			isa = PBXVariantGroup;
			children = (
				E95B49C21685D377005ECF09 /* en */,
			);
			name = InfoPlist.strings;
			sourceTree = "<group>";
		};
		E95B49D01685D377005ECF09 /* MainStoryboard.storyboard */ = {
			isa = PBXVariantGroup;
			children = (
				E95B49D11685D377005ECF09 /* en */,
			);
			name = MainStoryboard.storyboard;
			sourceTree = "<group>";
		};
/* End PBXVariantGroup section */

/* Begin XCBuildConfiguration section */
		3400E8FA177EE10100523BB0 /* Release copy */ = {
			isa = XCBuildConfiguration;
			buildSettings = {
				ALWAYS_SEARCH_USER_PATHS = NO;
				CLANG_CXX_LANGUAGE_STANDARD = "gnu++0x";
				CLANG_CXX_LIBRARY = "libc++";
				CLANG_ENABLE_OBJC_ARC = YES;
				CLANG_WARN_EMPTY_BODY = YES;
				CLANG_WARN__DUPLICATE_METHOD_MATCH = YES;
				CODE_SIGN_IDENTITY = "iPhone Distribution";
				"CODE_SIGN_IDENTITY[sdk=*]" = "iPhone Distribution";
				COPY_PHASE_STRIP = YES;
				GCC_C_LANGUAGE_STANDARD = gnu99;
				GCC_WARN_ABOUT_RETURN_TYPE = YES;
				GCC_WARN_UNINITIALIZED_AUTOS = YES;
				GCC_WARN_UNUSED_VARIABLE = YES;
				IPHONEOS_DEPLOYMENT_TARGET = 6.0;
				OTHER_CFLAGS = "-DNS_BLOCK_ASSERTIONS=1";
				PROVISIONING_PROFILE = "";
				"PROVISIONING_PROFILE[sdk=*]" = "";
				SDKROOT = iphoneos;
				VALIDATE_PRODUCT = YES;
			};
			name = "Release copy";
		};
		3400E8FB177EE10100523BB0 /* Release copy */ = {
			isa = XCBuildConfiguration;
			buildSettings = {
				CODE_SIGN_IDENTITY = "iPhone Distribution: Tsuyoshi Endo (VGD3AUTV7W)";
				GCC_PRECOMPILE_PREFIX_HEADER = YES;
				GCC_PREFIX_HEADER = "Quiz/zeimu3-Prefix.pch";
				INFOPLIST_FILE = "Quiz/zeimu3-Info.plist";
				LIBRARY_SEARCH_PATHS = (
					"$(inherited)",
					"\"$(SRCROOT)/iOS\"",
				);
				OTHER_LDFLAGS = "-ObjC";
				PRODUCT_NAME = zeimu3;
				PROVISIONING_PROFILE = "C1F991E4-953E-44BC-822E-08B98D6BA6D6";
				WRAPPER_EXTENSION = app;
			};
			name = "Release copy";
		};
		3400E8FC177FE41B00523BB0 /* Distribution */ = {
			isa = XCBuildConfiguration;
			buildSettings = {
				ALWAYS_SEARCH_USER_PATHS = NO;
				CLANG_CXX_LANGUAGE_STANDARD = "gnu++0x";
				CLANG_CXX_LIBRARY = "libc++";
				CLANG_ENABLE_OBJC_ARC = YES;
				CLANG_WARN_EMPTY_BODY = YES;
				CLANG_WARN__DUPLICATE_METHOD_MATCH = YES;
				CODE_SIGN_IDENTITY = "iPhone Distribution";
				"CODE_SIGN_IDENTITY[sdk=*]" = "iPhone Distribution";
				"CODE_SIGN_IDENTITY[sdk=iphoneos*]" = "iPhone Distribution";
				COPY_PHASE_STRIP = YES;
				GCC_C_LANGUAGE_STANDARD = gnu99;
				GCC_WARN_ABOUT_RETURN_TYPE = YES;
				GCC_WARN_UNINITIALIZED_AUTOS = YES;
				GCC_WARN_UNUSED_VARIABLE = YES;
				IPHONEOS_DEPLOYMENT_TARGET = 6.0;
				ONLY_ACTIVE_ARCH = YES;
				OTHER_CFLAGS = "-DNS_BLOCK_ASSERTIONS=1";
				PROVISIONING_PROFILE = "";
				"PROVISIONING_PROFILE[sdk=*]" = "";
				"PROVISIONING_PROFILE[sdk=iphoneos*]" = "";
				SDKROOT = iphoneos;
				VALIDATE_PRODUCT = YES;
			};
			name = Distribution;
		};
		3400E8FD177FE41B00523BB0 /* Distribution */ = {
			isa = XCBuildConfiguration;
			buildSettings = {
				CODE_SIGN_IDENTITY = "iPhone Distribution: Tsuyoshi Endo (VGD3AUTV7W)";
				GCC_PRECOMPILE_PREFIX_HEADER = YES;
				GCC_PREFIX_HEADER = "Quiz/zeimu3-Prefix.pch";
				INFOPLIST_FILE = "Quiz/zeimu3-Info.plist";
				LIBRARY_SEARCH_PATHS = (
					"$(inherited)",
					"\"$(SRCROOT)/iOS\"",
				);
				OTHER_LDFLAGS = "-ObjC";
				PRODUCT_NAME = zeimu3;
				PROVISIONING_PROFILE = "C1F991E4-953E-44BC-822E-08B98D6BA6D6";
				WRAPPER_EXTENSION = app;
			};
			name = Distribution;
		};
		E95B49D61685D377005ECF09 /* Debug */ = {
			isa = XCBuildConfiguration;
			buildSettings = {
				ALWAYS_SEARCH_USER_PATHS = NO;
				CLANG_CXX_LANGUAGE_STANDARD = "gnu++0x";
				CLANG_CXX_LIBRARY = "libc++";
				CLANG_ENABLE_OBJC_ARC = YES;
				CLANG_WARN_EMPTY_BODY = YES;
				CLANG_WARN__DUPLICATE_METHOD_MATCH = YES;
				CODE_SIGN_IDENTITY = "iPhone Developer";
				"CODE_SIGN_IDENTITY[sdk=iphoneos*]" = "iPhone Developer";
				COPY_PHASE_STRIP = NO;
				GCC_C_LANGUAGE_STANDARD = gnu99;
				GCC_DYNAMIC_NO_PIC = NO;
				GCC_OPTIMIZATION_LEVEL = 0;
				GCC_PREPROCESSOR_DEFINITIONS = (
					"DEBUG=1",
					"$(inherited)",
				);
				GCC_SYMBOLS_PRIVATE_EXTERN = NO;
				GCC_WARN_ABOUT_RETURN_TYPE = YES;
				GCC_WARN_UNINITIALIZED_AUTOS = YES;
				GCC_WARN_UNUSED_VARIABLE = YES;
				IPHONEOS_DEPLOYMENT_TARGET = 6.0;
				ONLY_ACTIVE_ARCH = YES;
				PROVISIONING_PROFILE = "";
				SDKROOT = iphoneos;
			};
			name = Debug;
		};
		E95B49D71685D377005ECF09 /* Release */ = {
			isa = XCBuildConfiguration;
			buildSettings = {
				ALWAYS_SEARCH_USER_PATHS = NO;
				CLANG_CXX_LANGUAGE_STANDARD = "gnu++0x";
				CLANG_CXX_LIBRARY = "libc++";
				CLANG_ENABLE_OBJC_ARC = YES;
				CLANG_WARN_EMPTY_BODY = YES;
				CLANG_WARN__DUPLICATE_METHOD_MATCH = YES;
				CODE_SIGN_IDENTITY = "iPhone Distribution";
				"CODE_SIGN_IDENTITY[sdk=iphoneos*]" = "iPhone Distribution";
				COPY_PHASE_STRIP = YES;
				GCC_C_LANGUAGE_STANDARD = gnu99;
				GCC_WARN_ABOUT_RETURN_TYPE = YES;
				GCC_WARN_UNINITIALIZED_AUTOS = YES;
				GCC_WARN_UNUSED_VARIABLE = YES;
				IPHONEOS_DEPLOYMENT_TARGET = 6.0;
				ONLY_ACTIVE_ARCH = YES;
				OTHER_CFLAGS = "-DNS_BLOCK_ASSERTIONS=1";
				PROVISIONING_PROFILE = "";
				"PROVISIONING_PROFILE[sdk=iphoneos*]" = "";
				SDKROOT = iphoneos;
				VALIDATE_PRODUCT = YES;
			};
			name = Release;
		};
		E95B49D91685D377005ECF09 /* Debug */ = {
			isa = XCBuildConfiguration;
			buildSettings = {
				CODE_SIGN_IDENTITY = "iPhone Distribution: Tsuyoshi Endo (VGD3AUTV7W)";
				GCC_PRECOMPILE_PREFIX_HEADER = YES;
				GCC_PREFIX_HEADER = "Quiz/zeimu3-Prefix.pch";
				INFOPLIST_FILE = "Quiz/zeimu3-Info.plist";
				LIBRARY_SEARCH_PATHS = (
					"$(inherited)",
					"\"$(SRCROOT)/iOS\"",
				);
				OTHER_LDFLAGS = "-ObjC";
				PRODUCT_NAME = zeimu3;
				PROVISIONING_PROFILE = "C1F991E4-953E-44BC-822E-08B98D6BA6D6";
				WRAPPER_EXTENSION = app;
			};
			name = Debug;
		};
		E95B49DA1685D377005ECF09 /* Release */ = {
			isa = XCBuildConfiguration;
			buildSettings = {
				CODE_SIGN_IDENTITY = "iPhone Distribution: Tsuyoshi Endo (VGD3AUTV7W)";
				GCC_PRECOMPILE_PREFIX_HEADER = YES;
				GCC_PREFIX_HEADER = "Quiz/zeimu3-Prefix.pch";
				INFOPLIST_FILE = "Quiz/zeimu3-Info.plist";
				LIBRARY_SEARCH_PATHS = (
					"$(inherited)",
					"\"$(SRCROOT)/iOS\"",
				);
				OTHER_LDFLAGS = "-ObjC";
				PRODUCT_NAME = zeimu3;
				PROVISIONING_PROFILE = "C1F991E4-953E-44BC-822E-08B98D6BA6D6";
				WRAPPER_EXTENSION = app;
			};
			name = Release;
		};
/* End XCBuildConfiguration section */

/* Begin XCConfigurationList section */
		E95B49AE1685D377005ECF09 /* Build configuration list for PBXProject "Zeimu3" */ = {
			isa = XCConfigurationList;
			buildConfigurations = (
				E95B49D61685D377005ECF09 /* Debug */,
				E95B49D71685D377005ECF09 /* Release */,
				3400E8FC177FE41B00523BB0 /* Distribution */,
				3400E8FA177EE10100523BB0 /* Release copy */,
			);
			defaultConfigurationIsVisible = 0;
			defaultConfigurationName = "Release copy";
		};
		E95B49D81685D377005ECF09 /* Build configuration list for PBXNativeTarget "zeimu3" */ = {
			isa = XCConfigurationList;
			buildConfigurations = (
				E95B49D91685D377005ECF09 /* Debug */,
				E95B49DA1685D377005ECF09 /* Release */,
				3400E8FD177FE41B00523BB0 /* Distribution */,
				3400E8FB177EE10100523BB0 /* Release copy */,
			);
			defaultConfigurationIsVisible = 0;
			defaultConfigurationName = "Release copy";
		};
/* End XCConfigurationList section */
	};
	rootObject = E95B49AB1685D377005ECF09 /* Project object */;
}
